github.com/go-opentype/fonts v0.8.0 h1:77i3VPIH90GbstzNb21mk+an4WvEOe2idC6W+J0n0fw=
github.com/go-opentype/fonts v0.8.0/go.mod h1:C6yQL2apHItfEZ5hztpsHF0S5mlX/hklLlq/Z5fRG/g=
github.com/go-opentype/fonts v0.9.0 h1:slB6OB3riLyUPrOxqXe0s6/AzdenF1TDvCN8N87hhQk=
github.com/go-opentype/fonts v0.9.0/go.mod h1:C6yQL2apHItfEZ5hztpsHF0S5mlX/hklLlq/Z5fRG/g=
github.com/go-opentype/opentype v0.9.0 h1:GFgcJ3nwTDp4NJr5O+Paw7lhZx5Jv/R+noZwvhYDlkM=
github.com/go-opentype/opentype v0.9.0/go.mod h1:AOixevJf7XQaH7+WG+OMIOZEbYPXfMqklVk26Y6YTUU=
github.com/go-pdfkit/extract v0.1.0 h1:7IJDJMH43l2wJZD+DkW5StmeAS1NDt2FnT2LBceXTog=
github.com/go-pdfkit/extract v0.1.0/go.mod h1:3ejdi87IrdR60wmjzLswdqzBzHCgFlrLtxkMxRN1KSU=
github.com/go-pdfkit/forms v0.2.0 h1:qcphzViGdL3vDb66rnyQkwzPw+una5rsF4H84KB2XMI=
github.com/go-pdfkit/forms v0.2.0/go.mod h1:LORxkdP4FVULFk0/PA0CdPZc1dZF9zTSaHrtfM7IYaw=
github.com/go-pdfkit/forms v0.2.1 h1:INa2GwAadxEhcXvBe7zJYgapYwaGn9WIaLxUJU/lm6A=
github.com/go-pdfkit/forms v0.2.1/go.mod h1:LORxkdP4FVULFk0/PA0CdPZc1dZF9zTSaHrtfM7IYaw=
github.com/go-pdfkit/pdffont v0.1.0 h1:mThWvPn3LLETup2adm9xMcNZWECP2Wq3eTSyTW4O3I0=
github.com/go-pdfkit/pdffont v0.1.0/go.mod h1:y4vo5DgT95e57C3XxIWfA/xss+x6RwZwyj6KWdJc86s=
github.com/go-pdfkit/pdffont v0.2.0 h1:yAp/oR5Z2kkqs4r0GWMalZMC7rc7XSCZXgwIypbpMWM=
github.com/go-pdfkit/pdffont v0.2.0/go.mod h1:y4vo5DgT95e57C3XxIWfA/xss+x6RwZwyj6KWdJc86s=
github.com/go-pdfkit/reader v0.4.0 h1:qPbNZSO+Xl+4NBvQoV1PYt7HlqHaEAQ1tUc6/IL8JAU=
github.com/go-pdfkit/reader v0.4.0/go.mod h1:fQFOVfCMUui1AdvD4qhimdyvvNr9KvvJ1S7IuKZjyV8=
github.com/go-pdfkit/reader v0.4.1 h1:pRxFqRjsn7H/VsGfWb9nYWyFuDgTU2Pjmoq/f5mgVq4=
github.com/go-pdfkit/reader v0.4.1/go.mod h1:fQFOVfCMUui1AdvD4qhimdyvvNr9KvvJ1S7IuKZjyV8=
